
Microsoft Visual Studio Solution File, Format Version 12.00
# Visual Studio Version 17
VisualStudioVersion = 17.2.32526.322
MinimumVisualStudioVersion = 10.0.40219.1
Project("{9A19103F-16F7-4668-BE54-9A1E7A4F7556}") = "API_BD", "API_BD\API_BD.csproj", "{ED89FAE4-5001-42B8-8D2F-1114C8A6069E}"
EndProject
Project("{9A19103F-16F7-4668-BE54-9A1E7A4F7556}") = "Core", "Core\Core.csproj", "{7F63D582-9765-426F-AC7D-52C073463634}"
EndProject
Project("{9A19103F-16F7-4668-BE54-9A1E7A4F7556}") = "Infrastructure", "Infrastructure\Infrastructure.csproj", "{47EE2EB4-F288-4349-AA19-23FAC81F5294}"
EndProject
Global
	GlobalSection(SolutionConfigurationPlatforms) = preSolution
		Debug|Any CPU = Debug|Any CPU
		Release|Any CPU = Release|Any CPU
	EndGlobalSection
	GlobalSection(ProjectConfigurationPlatforms) = postSolution
		{ED89FAE4-5001-42B8-8D2F-1114C8A6069E}.Debug|Any CPU.ActiveCfg = Debug|Any CPU
		{ED89FAE4-5001-42B8-8D2F-1114C8A6069E}.Debug|Any CPU.Build.0 = Debug|Any CPU
		{ED89FAE4-5001-42B8-8D2F-1114C8A6069E}.Release|Any CPU.ActiveCfg = Release|Any CPU
		{ED89FAE4-5001-42B8-8D2F-1114C8A6069E}.Release|Any CPU.Build.0 = Release|Any CPU
		{7F63D582-9765-426F-AC7D-52C073463634}.Debug|Any CPU.ActiveCfg = Debug|Any CPU
		{7F63D582-9765-426F-AC7D-52C073463634}.Debug|Any CPU.Build.0 = Debug|Any CPU
		{7F63D582-9765-426F-AC7D-52C073463634}.Release|Any CPU.ActiveCfg = Release|Any CPU
		{7F63D582-9765-426F-AC7D-52C073463634}.Release|Any CPU.Build.0 = Release|Any CPU
		{47EE2EB4-F288-4349-AA19-23FAC81F5294}.Debug|Any CPU.ActiveCfg = Debug|Any CPU
		{47EE2EB4-F288-4349-AA19-23FAC81F5294}.Debug|Any CPU.Build.0 = Debug|Any CPU
		{47EE2EB4-F288-4349-AA19-23FAC81F5294}.Release|Any CPU.ActiveCfg = Release|Any CPU
		{47EE2EB4-F288-4349-AA19-23FAC81F5294}.Release|Any CPU.Build.0 = Release|Any CPU
	EndGlobalSection
	GlobalSection(SolutionProperties) = preSolution
		HideSolutionNode = FALSE
	EndGlobalSection
	GlobalSection(ExtensibilityGlobals) = postSolution
		SolutionGuid = {B8B4337A-6147-4454-A143-63FB3475E86B}
	EndGlobalSection
EndGlobal
